# This file is automatically @generated by Cargo.
# It is not intended for manual editing.
version = 4

[[package]]
name = "api-ltx"
version = "0.1.0"

[[package]]
name = "cli-ltx"
version = "0.1.0"

[[package]]
name = "common-ltx"
version = "0.1.0"

[[package]]
name = "core-ltx"
version = "0.1.0"

[[package]]
name = "cron-ltx"
version = "0.1.0"

[[package]]
name = "front-ltx"
version = "0.1.0"

[[package]]
name = "worker-ltx"
version = "0.1.0"
